
Microsoft Visual Studio Solution File, Format Version 12.00
# Visual Studio Version 17
VisualStudioVersion = 17.13.35825.156
MinimumVisualStudioVersion = 10.0.40219.1
Project("{FAE04EC0-301F-11D3-BF4B-00C04F79EFBC}") = "CSharpProject", "CSharpProject\CSharpProject.csproj", "{6DFCDDAD-B97F-4F01-B7B8-7384B5DB75F9}"
EndProject
Global
	GlobalSection(SolutionConfigurationPlatforms) = preSolution
		Debug|Any CPU = Debug|Any CPU
		Release|Any CPU = Release|Any CPU
	EndGlobalSection
	GlobalSection(ProjectConfigurationPlatforms) = postSolution
		{6DFCDDAD-B97F-4F01-B7B8-7384B5DB75F9}.Debug|Any CPU.ActiveCfg = Debug|Any CPU
		{6DFCDDAD-B97F-4F01-B7B8-7384B5DB75F9}.Debug|Any CPU.Build.0 = Debug|Any CPU
		{6DFCDDAD-B97F-4F01-B7B8-7384B5DB75F9}.Release|Any CPU.ActiveCfg = Release|Any CPU
		{6DFCDDAD-B97F-4F01-B7B8-7384B5DB75F9}.Release|Any CPU.Build.0 = Release|Any CPU
	EndGlobalSection
	GlobalSection(SolutionProperties) = preSolution
		HideSolutionNode = FALSE
	EndGlobalSection
	GlobalSection(ExtensibilityGlobals) = postSolution
		SolutionGuid = {29EF3B50-1098-4CB6-93E6-D02187C9EFD3}
	EndGlobalSection
EndGlobal
